
Microsoft Visual Studio Solution File, Format Version 12.00
# Visual Studio Version 16
VisualStudioVersion = 16.0.29001.49
MinimumVisualStudioVersion = 10.0.40219.1
Project("{FAE04EC0-301F-11D3-BF4B-00C04F79EFBC}") = "RestClientSDK", "RestClientSDK\RestClientSDK.csproj", "{4A890F02-9C23-4BD0-AD94-5E89E0A310ED}"
EndProject
Project("{FAE04EC0-301F-11D3-BF4B-00C04F79EFBC}") = "RestClientSDK.UnitTests", "RestClientSDK.UnitTests\RestClientSDK.UnitTests.csproj", "{7940FD5A-0EC6-4A47-A656-5039887D4484}"
EndProject
Global
	GlobalSection(SolutionConfigurationPlatforms) = preSolution
		Debug|Any CPU = Debug|Any CPU
		Release|Any CPU = Release|Any CPU
	EndGlobalSection
	GlobalSection(ProjectConfigurationPlatforms) = postSolution
		{4A890F02-9C23-4BD0-AD94-5E89E0A310ED}.Debug|Any CPU.ActiveCfg = Debug|Any CPU
		{4A890F02-9C23-4BD0-AD94-5E89E0A310ED}.Debug|Any CPU.Build.0 = Debug|Any CPU
		{4A890F02-9C23-4BD0-AD94-5E89E0A310ED}.Release|Any CPU.ActiveCfg = Release|Any CPU
		{4A890F02-9C23-4BD0-AD94-5E89E0A310ED}.Release|Any CPU.Build.0 = Release|Any CPU
		{7940FD5A-0EC6-4A47-A656-5039887D4484}.Debug|Any CPU.ActiveCfg = Debug|Any CPU
		{7940FD5A-0EC6-4A47-A656-5039887D4484}.Debug|Any CPU.Build.0 = Debug|Any CPU
		{7940FD5A-0EC6-4A47-A656-5039887D4484}.Release|Any CPU.ActiveCfg = Release|Any CPU
		{7940FD5A-0EC6-4A47-A656-5039887D4484}.Release|Any CPU.Build.0 = Release|Any CPU
	EndGlobalSection
	GlobalSection(SolutionProperties) = preSolution
		HideSolutionNode = FALSE
	EndGlobalSection
	GlobalSection(ExtensibilityGlobals) = postSolution
		SolutionGuid = {0C4C0C4D-A65F-4447-9250-CC32A61FDD60}
	EndGlobalSection
EndGlobal
